
Microsoft Visual Studio Solution File, Format Version 12.00
# Visual Studio Version 17
VisualStudioVersion = 17.2.32630.192
MinimumVisualStudioVersion = 10.0.40219.1
Project("{9A19103F-16F7-4668-BE54-9A1E7A4F7556}") = "SpecFlow.DrivingDemo", "SpecFlow.DrivingDemo\SpecFlow.DrivingDemo.csproj", "{6382BB54-59E5-4C67-8D69-DDA22332FD50}"
EndProject
Project("{FAE04EC0-301F-11D3-BF4B-00C04F79EFBC}") = "SpecFlowProject.DrivingDemo", "SpecFlowProject.DrivingDemo\SpecFlowProject.DrivingDemo.csproj", "{B8901579-FCBF-49DB-A509-5368C3A2CDB8}"
EndProject
Global
	GlobalSection(SolutionConfigurationPlatforms) = preSolution
		Debug|Any CPU = Debug|Any CPU
		Release|Any CPU = Release|Any CPU
	EndGlobalSection
	GlobalSection(ProjectConfigurationPlatforms) = postSolution
		{6382BB54-59E5-4C67-8D69-DDA22332FD50}.Debug|Any CPU.ActiveCfg = Debug|Any CPU
		{6382BB54-59E5-4C67-8D69-DDA22332FD50}.Debug|Any CPU.Build.0 = Debug|Any CPU
		{6382BB54-59E5-4C67-8D69-DDA22332FD50}.Release|Any CPU.ActiveCfg = Release|Any CPU
		{6382BB54-59E5-4C67-8D69-DDA22332FD50}.Release|Any CPU.Build.0 = Release|Any CPU
		{B8901579-FCBF-49DB-A509-5368C3A2CDB8}.Debug|Any CPU.ActiveCfg = Debug|Any CPU
		{B8901579-FCBF-49DB-A509-5368C3A2CDB8}.Debug|Any CPU.Build.0 = Debug|Any CPU
		{B8901579-FCBF-49DB-A509-5368C3A2CDB8}.Release|Any CPU.ActiveCfg = Release|Any CPU
		{B8901579-FCBF-49DB-A509-5368C3A2CDB8}.Release|Any CPU.Build.0 = Release|Any CPU
	EndGlobalSection
	GlobalSection(SolutionProperties) = preSolution
		HideSolutionNode = FALSE
	EndGlobalSection
	GlobalSection(ExtensibilityGlobals) = postSolution
		SolutionGuid = {6FBB5652-EED4-46E0-A6D9-93780E6C5911}
	EndGlobalSection
EndGlobal
